github.com/davecgh/go-spew v1.1.1 h1:vj9j/u1bqnvCEfJOwUhtlOARqs3+rkHYY13jYWTU97c=
github.com/davecgh/go-spew v1.1.1/go.mod h1:J7Y8YcW2NihsgmVo/mv3lAwl/skON4iLHjSsI+c5H38=
github.com/elastic/go-elasticsearch/v7 v7.1.1 h1:cTeK9FOWH1i20JJgpeqZyk+xqKoxDAm3K1ouv6Ko/MQ=
github.com/elastic/go-elasticsearch/v7 v7.1.1/go.mod h1:OJ4wdbtDNk5g503kvlHLyErCgQwwzmDtaFC4XyOxXA4=
github.com/golang/protobuf v1.3.1 h1:YF8+flBXS5eO826T4nzqPrxfhQThhXl0YzfuUPu4SBg=
github.com/golang/protobuf v1.3.1/go.mod h1:6lQm79b+lXiMfvg/cZm0SGofjICqVBUtrP5yJMmIC1U=
github.com/missinglink/gosmparse v0.0.0-20170628200928-01884c3f2f75 h1:23jZKexeju8wFMvedBUvnTH21BITAH4g3vfASVFKk+Y=
github.com/missinglink/gosmparse v0.0.0-20170628200928-01884c3f2f75/go.mod h1:7+U6Kw8/tHTmhMP0dtl2L/VEDZuGkDPM8RBe+YAR6Mg=
